
Microsoft Visual Studio Solution File, Format Version 12.00
# Visual Studio Version 17
VisualStudioVersion = 17.9.34723.18
MinimumVisualStudioVersion = 10.0.40219.1
Project("{11A8DD76-328B-46DF-9F39-F559912D0360}") = "Dice.Device", "Dice.Device.nfproj", "{73F758AB-6ACF-4314-AAF9-3A4A199720F4}"
EndProject
Global
	GlobalSection(SolutionConfigurationPlatforms) = preSolution
		Debug|Any CPU = Debug|Any CPU
		Release|Any CPU = Release|Any CPU
	EndGlobalSection
	GlobalSection(ProjectConfigurationPlatforms) = postSolution
		{73F758AB-6ACF-4314-AAF9-3A4A199720F4}.Debug|Any CPU.ActiveCfg = Debug|Any CPU
		{73F758AB-6ACF-4314-AAF9-3A4A199720F4}.Debug|Any CPU.Build.0 = Debug|Any CPU
		{73F758AB-6ACF-4314-AAF9-3A4A199720F4}.Debug|Any CPU.Deploy.0 = Debug|Any CPU
		{73F758AB-6ACF-4314-AAF9-3A4A199720F4}.Release|Any CPU.ActiveCfg = Release|Any CPU
		{73F758AB-6ACF-4314-AAF9-3A4A199720F4}.Release|Any CPU.Build.0 = Release|Any CPU
		{73F758AB-6ACF-4314-AAF9-3A4A199720F4}.Release|Any CPU.Deploy.0 = Release|Any CPU
	EndGlobalSection
	GlobalSection(SolutionProperties) = preSolution
		HideSolutionNode = FALSE
	EndGlobalSection
	GlobalSection(ExtensibilityGlobals) = postSolution
		SolutionGuid = {521D7EB8-7809-4EC6-8A5E-C7A619088C63}
	EndGlobalSection
EndGlobal
